// !$*UTF8*$!
{
	archiveVersion = 1;
	classes = {
	};
	objectVersion = 50;
	objects = {

/* Begin PBXBuildFile section */
		50737163CFB5D937FF9A659E /* Pods_MyMonee.framework in Frameworks */ = {isa = PBXBuildFile; fileRef = 6C97B3E143517951875892E8 /* Pods_MyMonee.framework */; };
		FA6A6315264DA1E000753C0A /* ImpianViewController.swift in Sources */ = {isa = PBXBuildFile; fileRef = FA6A6313264DA1E000753C0A /* ImpianViewController.swift */; };
		FA6A6316264DA1E000753C0A /* ImpianViewController.xib in Resources */ = {isa = PBXBuildFile; fileRef = FA6A6314264DA1E000753C0A /* ImpianViewController.xib */; };
		FA6A6321264DA61600753C0A /* ProfileViewController.swift in Sources */ = {isa = PBXBuildFile; fileRef = FA6A631F264DA61600753C0A /* ProfileViewController.swift */; };
		FA6A6322264DA61600753C0A /* ProfileViewController.xib in Resources */ = {isa = PBXBuildFile; fileRef = FA6A6320264DA61600753C0A /* ProfileViewController.xib */; };
		FA6BE53A26569945005972E2 /* DeletePenggunaanService.swift in Sources */ = {isa = PBXBuildFile; fileRef = FA6BE53926569945005972E2 /* DeletePenggunaanService.swift */; };
		FA6BE53D26569DD4005972E2 /* UpdatePenggunaanService.swift in Sources */ = {isa = PBXBuildFile; fileRef = FA6BE53C26569DD4005972E2 /* UpdatePenggunaanService.swift */; };
		FA6BE5432656AD6D005972E2 /* EmptyHandlingTableViewCell.swift in Sources */ = {isa = PBXBuildFile; fileRef = FA6BE5412656AD6D005972E2 /* EmptyHandlingTableViewCell.swift */; };
		FA6BE5442656AD6D005972E2 /* EmptyHandlingTableViewCell.xib in Resources */ = {isa = PBXBuildFile; fileRef = FA6BE5422656AD6D005972E2 /* EmptyHandlingTableViewCell.xib */; };
		FA6C923D264D2E6A00A8F118 /* Poppins-MediumItalic.ttf in Resources */ = {isa = PBXBuildFile; fileRef = FA6C922B264D2E6A00A8F118 /* Poppins-MediumItalic.ttf */; };
		FA6C923E264D2E6A00A8F118 /* Poppins-Light.ttf in Resources */ = {isa = PBXBuildFile; fileRef = FA6C922C264D2E6A00A8F118 /* Poppins-Light.ttf */; };
		FA6C923F264D2E6A00A8F118 /* Poppins-BoldItalic.ttf in Resources */ = {isa = PBXBuildFile; fileRef = FA6C922D264D2E6A00A8F118 /* Poppins-BoldItalic.ttf */; };
		FA6C9240264D2E6A00A8F118 /* Poppins-Black.ttf in Resources */ = {isa = PBXBuildFile; fileRef = FA6C922E264D2E6A00A8F118 /* Poppins-Black.ttf */; };
		FA6C9241264D2E6A00A8F118 /* Poppins-ThinItalic.ttf in Resources */ = {isa = PBXBuildFile; fileRef = FA6C922F264D2E6A00A8F118 /* Poppins-ThinItalic.ttf */; };
		FA6C9242264D2E6A00A8F118 /* Poppins-SemiBold.ttf in Resources */ = {isa = PBXBuildFile; fileRef = FA6C9230264D2E6A00A8F118 /* Poppins-SemiBold.ttf */; };
		FA6C9243264D2E6A00A8F118 /* Poppins-Bold.ttf in Resources */ = {isa = PBXBuildFile; fileRef = FA6C9231264D2E6A00A8F118 /* Poppins-Bold.ttf */; };
		FA6C9244264D2E6A00A8F118 /* Poppins-SemiBoldItalic.ttf in Resources */ = {isa = PBXBuildFile; fileRef = FA6C9232264D2E6A00A8F118 /* Poppins-SemiBoldItalic.ttf */; };
		FA6C9245264D2E6A00A8F118 /* Poppins-LightItalic.ttf in Resources */ = {isa = PBXBuildFile; fileRef = FA6C9233264D2E6A00A8F118 /* Poppins-LightItalic.ttf */; };
		FA6C9246264D2E6A00A8F118 /* Poppins-ExtraLight.ttf in Resources */ = {isa = PBXBuildFile; fileRef = FA6C9234264D2E6A00A8F118 /* Poppins-ExtraLight.ttf */; };
		FA6C9247264D2E6A00A8F118 /* Poppins-Regular.ttf in Resources */ = {isa = PBXBuildFile; fileRef = FA6C9235264D2E6A00A8F118 /* Poppins-Regular.ttf */; };
		FA6C9248264D2E6A00A8F118 /* Poppins-BlackItalic.ttf in Resources */ = {isa = PBXBuildFile; fileRef = FA6C9236264D2E6A00A8F118 /* Poppins-BlackItalic.ttf */; };
		FA6C9249264D2E6A00A8F118 /* Poppins-ExtraLightItalic.ttf in Resources */ = {isa = PBXBuildFile; fileRef = FA6C9237264D2E6A00A8F118 /* Poppins-ExtraLightItalic.ttf */; };
		FA6C924A264D2E6A00A8F118 /* Poppins-Thin.ttf in Resources */ = {isa = PBXBuildFile; fileRef = FA6C9238264D2E6A00A8F118 /* Poppins-Thin.ttf */; };
		FA6C924B264D2E6A00A8F118 /* Poppins-ExtraBold.ttf in Resources */ = {isa = PBXBuildFile; fileRef = FA6C9239264D2E6A00A8F118 /* Poppins-ExtraBold.ttf */; };
		FA6C924C264D2E6A00A8F118 /* Poppins-Italic.ttf in Resources */ = {isa = PBXBuildFile; fileRef = FA6C923A264D2E6A00A8F118 /* Poppins-Italic.ttf */; };
		FA6C924D264D2E6A00A8F118 /* Poppins-Medium.ttf in Resources */ = {isa = PBXBuildFile; fileRef = FA6C923B264D2E6A00A8F118 /* Poppins-Medium.ttf */; };
		FA6C924E264D2E6A00A8F118 /* Poppins-ExtraBoldItalic.ttf in Resources */ = {isa = PBXBuildFile; fileRef = FA6C923C264D2E6A00A8F118 /* Poppins-ExtraBoldItalic.ttf */; };
		FA6C9253264D494800A8F118 /* Customer.swift in Sources */ = {isa = PBXBuildFile; fileRef = FA6C9252264D494800A8F118 /* Customer.swift */; };
		FA73275326561B3A00F7C7FB /* GetPenggunaanService.swift in Sources */ = {isa = PBXBuildFile; fileRef = FA73275226561B3A00F7C7FB /* GetPenggunaanService.swift */; };
		FA732756265648F900F7C7FB /* PostPenggunaanService.swift in Sources */ = {isa = PBXBuildFile; fileRef = FA732755265648F900F7C7FB /* PostPenggunaanService.swift */; };
		FA87B7D4264FA3D10043F3DD /* UpdateProfileViewController.swift in Sources */ = {isa = PBXBuildFile; fileRef = FA87B7D2264FA3D10043F3DD /* UpdateProfileViewController.swift */; };
		FA87B7D5264FA3D10043F3DD /* UpdateProfileViewController.xib in Resources */ = {isa = PBXBuildFile; fileRef = FA87B7D3264FA3D10043F3DD /* UpdateProfileViewController.xib */; };
		FA87B7D8264FB77C0043F3DD /* ImagePickerManager.swift in Sources */ = {isa = PBXBuildFile; fileRef = FA87B7D7264FB77C0043F3DD /* ImagePickerManager.swift */; };
		FA8E4A4D264A1A650085C168 /* AppDelegate.swift in Sources */ = {isa = PBXBuildFile; fileRef = FA8E4A4C264A1A650085C168 /* AppDelegate.swift */; };
		FA8E4A4F264A1A650085C168 /* SceneDelegate.swift in Sources */ = {isa = PBXBuildFile; fileRef = FA8E4A4E264A1A650085C168 /* SceneDelegate.swift */; };
		FA8E4A51264A1A650085C168 /* ViewController.swift in Sources */ = {isa = PBXBuildFile; fileRef = FA8E4A50264A1A650085C168 /* ViewController.swift */; };
		FA8E4A54264A1A650085C168 /* Main.storyboard in Resources */ = {isa = PBXBuildFile; fileRef = FA8E4A52264A1A650085C168 /* Main.storyboard */; };
		FA8E4A56264A1A660085C168 /* Assets.xcassets in Resources */ = {isa = PBXBuildFile; fileRef = FA8E4A55264A1A660085C168 /* Assets.xcassets */; };
		FA8E4A59264A1A660085C168 /* LaunchScreen.storyboard in Resources */ = {isa = PBXBuildFile; fileRef = FA8E4A57264A1A660085C168 /* LaunchScreen.storyboard */; };
		FA8E4A64264A1A9F0085C168 /* MainViewController.swift in Sources */ = {isa = PBXBuildFile; fileRef = FA8E4A62264A1A9F0085C168 /* MainViewController.swift */; };
		FA8E4A65264A1A9F0085C168 /* MainViewController.xib in Resources */ = {isa = PBXBuildFile; fileRef = FA8E4A63264A1A9F0085C168 /* MainViewController.xib */; };
		FA8E4A6C264A1E940085C168 /* MainTableViewCell.swift in Sources */ = {isa = PBXBuildFile; fileRef = FA8E4A6A264A1E940085C168 /* MainTableViewCell.swift */; };
		FA8E4A6D264A1E940085C168 /* MainTableViewCell.xib in Resources */ = {isa = PBXBuildFile; fileRef = FA8E4A6B264A1E940085C168 /* MainTableViewCell.xib */; };
		FA8E4A71264A29DB0085C168 /* Pengeluaran.swift in Sources */ = {isa = PBXBuildFile; fileRef = FA8E4A70264A29DB0085C168 /* Pengeluaran.swift */; };
		FA8E4A76264A2EAF0085C168 /* MainTabController.swift in Sources */ = {isa = PBXBuildFile; fileRef = FA8E4A74264A2EAF0085C168 /* MainTabController.swift */; };
		FA8E4A77264A2EAF0085C168 /* MainTabController.xib in Resources */ = {isa = PBXBuildFile; fileRef = FA8E4A75264A2EAF0085C168 /* MainTabController.xib */; };
		FA9DBAB6264E417B00DE9D6C /* FormPenggunaanViewController.swift in Sources */ = {isa = PBXBuildFile; fileRef = FA9DBAB4264E417A00DE9D6C /* FormPenggunaanViewController.swift */; };
		FA9DBAB7264E417B00DE9D6C /* FormPenggunaanViewController.xib in Resources */ = {isa = PBXBuildFile; fileRef = FA9DBAB5264E417A00DE9D6C /* FormPenggunaanViewController.xib */; };
		FA9DBABB264E75D100DE9D6C /* RiwayatPenggunaanViewController.swift in Sources */ = {isa = PBXBuildFile; fileRef = FA9DBAB9264E75D100DE9D6C /* RiwayatPenggunaanViewController.swift */; };
		FA9DBABC264E75D100DE9D6C /* RiwayatPenggunaanViewController.xib in Resources */ = {isa = PBXBuildFile; fileRef = FA9DBABA264E75D100DE9D6C /* RiwayatPenggunaanViewController.xib */; };
		FA9DBAC0264E86AE00DE9D6C /* UpdatePenggunaanViewController.swift in Sources */ = {isa = PBXBuildFile; fileRef = FA9DBABF264E86AE00DE9D6C /* UpdatePenggunaanViewController.swift */; };
		FA9DBAC4264E8DF500DE9D6C /* UpdatePenggunaanViewController.xib in Resources */ = {isa = PBXBuildFile; fileRef = FA9DBABE264E86AE00DE9D6C /* UpdatePenggunaanViewController.xib */; };
		FAB005AA264EEE120014303C /* ImpianCollectionViewCell.swift in Sources */ = {isa = PBXBuildFile; fileRef = FAB005A8264EEE120014303C /* ImpianCollectionViewCell.swift */; };
		FAB005AB264EEE120014303C /* ImpianCollectionViewCell.xib in Resources */ = {isa = PBXBuildFile; fileRef = FAB005A9264EEE120014303C /* ImpianCollectionViewCell.xib */; };
		FAB005AE264EEEDE0014303C /* Impian.swift in Sources */ = {isa = PBXBuildFile; fileRef = FAB005AD264EEEDE0014303C /* Impian.swift */; };
		FAB005B2264EF7570014303C /* DetailImpianViewController.swift in Sources */ = {isa = PBXBuildFile; fileRef = FAB005B0264EF7570014303C /* DetailImpianViewController.swift */; };
		FAB005B3264EF7570014303C /* DetailImpianViewController.xib in Resources */ = {isa = PBXBuildFile; fileRef = FAB005B1264EF7570014303C /* DetailImpianViewController.xib */; };
		FAB005B7264F080A0014303C /* UpdateImpianViewController.swift in Sources */ = {isa = PBXBuildFile; fileRef = FAB005B5264F080A0014303C /* UpdateImpianViewController.swift */; };
		FAB005B8264F080A0014303C /* UpdateImpianViewController.xib in Resources */ = {isa = PBXBuildFile; fileRef = FAB005B6264F080A0014303C /* UpdateImpianViewController.xib */; };
		FAB005BD264F10860014303C /* FormImpianViewController.swift in Sources */ = {isa = PBXBuildFile; fileRef = FAB005BB264F10860014303C /* FormImpianViewController.swift */; };
		FAB005BE264F10860014303C /* FormImpianViewController.xib in Resources */ = {isa = PBXBuildFile; fileRef = FAB005BC264F10860014303C /* FormImpianViewController.xib */; };
/* End PBXBuildFile section */

/* Begin PBXFileReference section */
		5448B1A1037461313BD6D436 /* Pods-MyMonee.release.xcconfig */ = {isa = PBXFileReference; includeInIndex = 1; lastKnownFileType = text.xcconfig; name = "Pods-MyMonee.release.xcconfig"; path = "Target Support Files/Pods-MyMonee/Pods-MyMonee.release.xcconfig"; sourceTree = "<group>"; };
		6C97B3E143517951875892E8 /* Pods_MyMonee.framework */ = {isa = PBXFileReference; explicitFileType = wrapper.framework; includeInIndex = 0; path = Pods_MyMonee.framework; sourceTree = BUILT_PRODUCTS_DIR; };
		D9EF42F16FA50250FD17378B /* Pods-MyMonee.debug.xcconfig */ = {isa = PBXFileReference; includeInIndex = 1; lastKnownFileType = text.xcconfig; name = "Pods-MyMonee.debug.xcconfig"; path = "Target Support Files/Pods-MyMonee/Pods-MyMonee.debug.xcconfig"; sourceTree = "<group>"; };
		FA6A6313264DA1E000753C0A /* ImpianViewController.swift */ = {isa = PBXFileReference; lastKnownFileType = sourcecode.swift; path = ImpianViewController.swift; sourceTree = "<group>"; };
		FA6A6314264DA1E000753C0A /* ImpianViewController.xib */ = {isa = PBXFileReference; lastKnownFileType = file.xib; path = ImpianViewController.xib; sourceTree = "<group>"; };
		FA6A631F264DA61600753C0A /* ProfileViewController.swift */ = {isa = PBXFileReference; lastKnownFileType = sourcecode.swift; path = ProfileViewController.swift; sourceTree = "<group>"; };
		FA6A6320264DA61600753C0A /* ProfileViewController.xib */ = {isa = PBXFileReference; lastKnownFileType = file.xib; path = ProfileViewController.xib; sourceTree = "<group>"; };
		FA6BE53926569945005972E2 /* DeletePenggunaanService.swift */ = {isa = PBXFileReference; lastKnownFileType = sourcecode.swift; path = DeletePenggunaanService.swift; sourceTree = "<group>"; };
		FA6BE53C26569DD4005972E2 /* UpdatePenggunaanService.swift */ = {isa = PBXFileReference; lastKnownFileType = sourcecode.swift; path = UpdatePenggunaanService.swift; sourceTree = "<group>"; };
		FA6BE5412656AD6D005972E2 /* EmptyHandlingTableViewCell.swift */ = {isa = PBXFileReference; lastKnownFileType = sourcecode.swift; path = EmptyHandlingTableViewCell.swift; sourceTree = "<group>"; };
		FA6BE5422656AD6D005972E2 /* EmptyHandlingTableViewCell.xib */ = {isa = PBXFileReference; lastKnownFileType = file.xib; path = EmptyHandlingTableViewCell.xib; sourceTree = "<group>"; };
		FA6C922B264D2E6A00A8F118 /* Poppins-MediumItalic.ttf */ = {isa = PBXFileReference; lastKnownFileType = file; path = "Poppins-MediumItalic.ttf"; sourceTree = "<group>"; };
		FA6C922C264D2E6A00A8F118 /* Poppins-Light.ttf */ = {isa = PBXFileReference; lastKnownFileType = file; path = "Poppins-Light.ttf"; sourceTree = "<group>"; };
		FA6C922D264D2E6A00A8F118 /* Poppins-BoldItalic.ttf */ = {isa = PBXFileReference; lastKnownFileType = file; path = "Poppins-BoldItalic.ttf"; sourceTree = "<group>"; };
		FA6C922E264D2E6A00A8F118 /* Poppins-Black.ttf */ = {isa = PBXFileReference; lastKnownFileType = file; path = "Poppins-Black.ttf"; sourceTree = "<group>"; };
		FA6C922F264D2E6A00A8F118 /* Poppins-ThinItalic.ttf */ = {isa = PBXFileReference; lastKnownFileType = file; path = "Poppins-ThinItalic.ttf"; sourceTree = "<group>"; };
		FA6C9230264D2E6A00A8F118 /* Poppins-SemiBold.ttf */ = {isa = PBXFileReference; lastKnownFileType = file; path = "Poppins-SemiBold.ttf"; sourceTree = "<group>"; };
		FA6C9231264D2E6A00A8F118 /* Poppins-Bold.ttf */ = {isa = PBXFileReference; lastKnownFileType = file; path = "Poppins-Bold.ttf"; sourceTree = "<group>"; };
		FA6C9232264D2E6A00A8F118 /* Poppins-SemiBoldItalic.ttf */ = {isa = PBXFileReference; lastKnownFileType = file; path = "Poppins-SemiBoldItalic.ttf"; sourceTree = "<group>"; };
		FA6C9233264D2E6A00A8F118 /* Poppins-LightItalic.ttf */ = {isa = PBXFileReference; lastKnownFileType = file; path = "Poppins-LightItalic.ttf"; sourceTree = "<group>"; };
		FA6C9234264D2E6A00A8F118 /* Poppins-ExtraLight.ttf */ = {isa = PBXFileReference; lastKnownFileType = file; path = "Poppins-ExtraLight.ttf"; sourceTree = "<group>"; };
		FA6C9235264D2E6A00A8F118 /* Poppins-Regular.ttf */ = {isa = PBXFileReference; lastKnownFileType = file; path = "Poppins-Regular.ttf"; sourceTree = "<group>"; };
		FA6C9236264D2E6A00A8F118 /* Poppins-BlackItalic.ttf */ = {isa = PBXFileReference; lastKnownFileType = file; path = "Poppins-BlackItalic.ttf"; sourceTree = "<group>"; };
		FA6C9237264D2E6A00A8F118 /* Poppins-ExtraLightItalic.ttf */ = {isa = PBXFileReference; lastKnownFileType = file; path = "Poppins-ExtraLightItalic.ttf"; sourceTree = "<group>"; };
		FA6C9238264D2E6A00A8F118 /* Poppins-Thin.ttf */ = {isa = PBXFileReference; lastKnownFileType = file; path = "Poppins-Thin.ttf"; sourceTree = "<group>"; };
		FA6C9239264D2E6A00A8F118 /* Poppins-ExtraBold.ttf */ = {isa = PBXFileReference; lastKnownFileType = file; path = "Poppins-ExtraBold.ttf"; sourceTree = "<group>"; };
		FA6C923A264D2E6A00A8F118 /* Poppins-Italic.ttf */ = {isa = PBXFileReference; lastKnownFileType = file; path = "Poppins-Italic.ttf"; sourceTree = "<group>"; };
		FA6C923B264D2E6A00A8F118 /* Poppins-Medium.ttf */ = {isa = PBXFileReference; lastKnownFileType = file; path = "Poppins-Medium.ttf"; sourceTree = "<group>"; };
		FA6C923C264D2E6A00A8F118 /* Poppins-ExtraBoldItalic.ttf */ = {isa = PBXFileReference; lastKnownFileType = file; path = "Poppins-ExtraBoldItalic.ttf"; sourceTree = "<group>"; };
		FA6C9252264D494800A8F118 /* Customer.swift */ = {isa = PBXFileReference; lastKnownFileType = sourcecode.swift; path = Customer.swift; sourceTree = "<group>"; };
		FA73275226561B3A00F7C7FB /* GetPenggunaanService.swift */ = {isa = PBXFileReference; lastKnownFileType = sourcecode.swift; path = GetPenggunaanService.swift; sourceTree = "<group>"; };
		FA732755265648F900F7C7FB /* PostPenggunaanService.swift */ = {isa = PBXFileReference; lastKnownFileType = sourcecode.swift; path = PostPenggunaanService.swift; sourceTree = "<group>"; };
		FA87B7D2264FA3D10043F3DD /* UpdateProfileViewController.swift */ = {isa = PBXFileReference; lastKnownFileType = sourcecode.swift; path = UpdateProfileViewController.swift; sourceTree = "<group>"; };
		FA87B7D3264FA3D10043F3DD /* UpdateProfileViewController.xib */ = {isa = PBXFileReference; lastKnownFileType = file.xib; path = UpdateProfileViewController.xib; sourceTree = "<group>"; };
		FA87B7D7264FB77C0043F3DD /* ImagePickerManager.swift */ = {isa = PBXFileReference; lastKnownFileType = sourcecode.swift; path = ImagePickerManager.swift; sourceTree = "<group>"; };
		FA8E4A49264A1A650085C168 /* MyMonee.app */ = {isa = PBXFileReference; explicitFileType = wrapper.application; includeInIndex = 0; path = MyMonee.app; sourceTree = BUILT_PRODUCTS_DIR; };
		FA8E4A4C264A1A650085C168 /* AppDelegate.swift */ = {isa = PBXFileReference; lastKnownFileType = sourcecode.swift; path = AppDelegate.swift; sourceTree = "<group>"; };
		FA8E4A4E264A1A650085C168 /* SceneDelegate.swift */ = {isa = PBXFileReference; lastKnownFileType = sourcecode.swift; path = SceneDelegate.swift; sourceTree = "<group>"; };
		FA8E4A50264A1A650085C168 /* ViewController.swift */ = {isa = PBXFileReference; lastKnownFileType = sourcecode.swift; path = ViewController.swift; sourceTree = "<group>"; };
		FA8E4A53264A1A650085C168 /* Base */ = {isa = PBXFileReference; lastKnownFileType = file.storyboard; name = Base; path = Base.lproj/Main.storyboard; sourceTree = "<group>"; };
		FA8E4A55264A1A660085C168 /* Assets.xcassets */ = {isa = PBXFileReference; lastKnownFileType = folder.assetcatalog; path = Assets.xcassets; sourceTree = "<group>"; };
		FA8E4A58264A1A660085C168 /* Base */ = {isa = PBXFileReference; lastKnownFileType = file.storyboard; name = Base; path = Base.lproj/LaunchScreen.storyboard; sourceTree = "<group>"; };
		FA8E4A5A264A1A660085C168 /* Info.plist */ = {isa = PBXFileReference; lastKnownFileType = text.plist.xml; path = Info.plist; sourceTree = "<group>"; };
		FA8E4A62264A1A9F0085C168 /* MainViewController.swift */ = {isa = PBXFileReference; lastKnownFileType = sourcecode.swift; path = MainViewController.swift; sourceTree = "<group>"; };
		FA8E4A63264A1A9F0085C168 /* MainViewController.xib */ = {isa = PBXFileReference; lastKnownFileType = file.xib; path = MainViewController.xib; sourceTree = "<group>"; };
		FA8E4A6A264A1E940085C168 /* MainTableViewCell.swift */ = {isa = PBXFileReference; lastKnownFileType = sourcecode.swift; path = MainTableViewCell.swift; sourceTree = "<group>"; };
		FA8E4A6B264A1E940085C168 /* MainTableViewCell.xib */ = {isa = PBXFileReference; lastKnownFileType = file.xib; path = MainTableViewCell.xib; sourceTree = "<group>"; };
		FA8E4A70264A29DB0085C168 /* Pengeluaran.swift */ = {isa = PBXFileReference; lastKnownFileType = sourcecode.swift; path = Pengeluaran.swift; sourceTree = "<group>"; };
		FA8E4A74264A2EAF0085C168 /* MainTabController.swift */ = {isa = PBXFileReference; lastKnownFileType = sourcecode.swift; path = MainTabController.swift; sourceTree = "<group>"; };
		FA8E4A75264A2EAF0085C168 /* MainTabController.xib */ = {isa = PBXFileReference; lastKnownFileType = file.xib; path = MainTabController.xib; sourceTree = "<group>"; };
		FA9DBAB4264E417A00DE9D6C /* FormPenggunaanViewController.swift */ = {isa = PBXFileReference; lastKnownFileType = sourcecode.swift; path = FormPenggunaanViewController.swift; sourceTree = "<group>"; };
		FA9DBAB5264E417A00DE9D6C /* FormPenggunaanViewController.xib */ = {isa = PBXFileReference; lastKnownFileType = file.xib; path = FormPenggunaanViewController.xib; sourceTree = "<group>"; };
		FA9DBAB9264E75D100DE9D6C /* RiwayatPenggunaanViewController.swift */ = {isa = PBXFileReference; lastKnownFileType = sourcecode.swift; path = RiwayatPenggunaanViewController.swift; sourceTree = "<group>"; };
		FA9DBABA264E75D100DE9D6C /* RiwayatPenggunaanViewController.xib */ = {isa = PBXFileReference; lastKnownFileType = file.xib; path = RiwayatPenggunaanViewController.xib; sourceTree = "<group>"; };
		FA9DBABE264E86AE00DE9D6C /* UpdatePenggunaanViewController.xib */ = {isa = PBXFileReference; lastKnownFileType = file.xib; path = UpdatePenggunaanViewController.xib; sourceTree = "<group>"; };
		FA9DBABF264E86AE00DE9D6C /* UpdatePenggunaanViewController.swift */ = {isa = PBXFileReference; lastKnownFileType = sourcecode.swift; path = UpdatePenggunaanViewController.swift; sourceTree = "<group>"; };
		FAB005A8264EEE120014303C /* ImpianCollectionViewCell.swift */ = {isa = PBXFileReference; lastKnownFileType = sourcecode.swift; path = ImpianCollectionViewCell.swift; sourceTree = "<group>"; };
		FAB005A9264EEE120014303C /* ImpianCollectionViewCell.xib */ = {isa = PBXFileReference; lastKnownFileType = file.xib; path = ImpianCollectionViewCell.xib; sourceTree = "<group>"; };
		FAB005AD264EEEDE0014303C /* Impian.swift */ = {isa = PBXFileReference; lastKnownFileType = sourcecode.swift; path = Impian.swift; sourceTree = "<group>"; };
		FAB005B0264EF7570014303C /* DetailImpianViewController.swift */ = {isa = PBXFileReference; lastKnownFileType = sourcecode.swift; path = DetailImpianViewController.swift; sourceTree = "<group>"; };
		FAB005B1264EF7570014303C /* DetailImpianViewController.xib */ = {isa = PBXFileReference; lastKnownFileType = file.xib; path = DetailImpianViewController.xib; sourceTree = "<group>"; };
		FAB005B5264F080A0014303C /* UpdateImpianViewController.swift */ = {isa = PBXFileReference; lastKnownFileType = sourcecode.swift; path = UpdateImpianViewController.swift; sourceTree = "<group>"; };
		FAB005B6264F080A0014303C /* UpdateImpianViewController.xib */ = {isa = PBXFileReference; lastKnownFileType = file.xib; path = UpdateImpianViewController.xib; sourceTree = "<group>"; };
		FAB005BB264F10860014303C /* FormImpianViewController.swift */ = {isa = PBXFileReference; lastKnownFileType = sourcecode.swift; path = FormImpianViewController.swift; sourceTree = "<group>"; };
		FAB005BC264F10860014303C /* FormImpianViewController.xib */ = {isa = PBXFileReference; lastKnownFileType = file.xib; path = FormImpianViewController.xib; sourceTree = "<group>"; };
/* End PBXFileReference section */

/* Begin PBXFrameworksBuildPhase section */
		FA8E4A46264A1A650085C168 /* Frameworks */ = {
			isa = PBXFrameworksBuildPhase;
			buildActionMask = 2147483647;
			files = (
				50737163CFB5D937FF9A659E /* Pods_MyMonee.framework in Frameworks */,
			);
			runOnlyForDeploymentPostprocessing = 0;
		};
/* End PBXFrameworksBuildPhase section */

/* Begin PBXGroup section */
		2929DF1DEAF3CD2DA967BF79 /* Frameworks */ = {
			isa = PBXGroup;
			children = (
				6C97B3E143517951875892E8 /* Pods_MyMonee.framework */,
			);
			name = Frameworks;
			sourceTree = "<group>";
		};
		884A7ACFCAEE197E60BE2510 /* Pods */ = {
			isa = PBXGroup;
			children = (
				D9EF42F16FA50250FD17378B /* Pods-MyMonee.debug.xcconfig */,
				5448B1A1037461313BD6D436 /* Pods-MyMonee.release.xcconfig */,
			);
			name = Pods;
			path = Pods;
			sourceTree = "<group>";
		};
		FA6A6312264DA1BC00753C0A /* Impian */ = {
			isa = PBXGroup;
			children = (
				FA6A6313264DA1E000753C0A /* ImpianViewController.swift */,
				FA6A6314264DA1E000753C0A /* ImpianViewController.xib */,
				FAB005B0264EF7570014303C /* DetailImpianViewController.swift */,
				FAB005B1264EF7570014303C /* DetailImpianViewController.xib */,
				FAB005B5264F080A0014303C /* UpdateImpianViewController.swift */,
				FAB005B6264F080A0014303C /* UpdateImpianViewController.xib */,
				FAB005BB264F10860014303C /* FormImpianViewController.swift */,
				FAB005BC264F10860014303C /* FormImpianViewController.xib */,
			);
			path = Impian;
			sourceTree = "<group>";
		};
		FA6A6319264DA5BF00753C0A /* Profile */ = {
			isa = PBXGroup;
			children = (
				FA6A631F264DA61600753C0A /* ProfileViewController.swift */,
				FA6A6320264DA61600753C0A /* ProfileViewController.xib */,
				FA87B7D2264FA3D10043F3DD /* UpdateProfileViewController.swift */,
				FA87B7D3264FA3D10043F3DD /* UpdateProfileViewController.xib */,
			);
			path = Profile;
			sourceTree = "<group>";
		};
		FA6C9250264D2E7D00A8F118 /* Font */ = {
			isa = PBXGroup;
			children = (
				FA6C922E264D2E6A00A8F118 /* Poppins-Black.ttf */,
				FA6C9236264D2E6A00A8F118 /* Poppins-BlackItalic.ttf */,
				FA6C9231264D2E6A00A8F118 /* Poppins-Bold.ttf */,
				FA6C922D264D2E6A00A8F118 /* Poppins-BoldItalic.ttf */,
				FA6C9239264D2E6A00A8F118 /* Poppins-ExtraBold.ttf */,
				FA6C923C264D2E6A00A8F118 /* Poppins-ExtraBoldItalic.ttf */,
				FA6C9234264D2E6A00A8F118 /* Poppins-ExtraLight.ttf */,
				FA6C9237264D2E6A00A8F118 /* Poppins-ExtraLightItalic.ttf */,
				FA6C923A264D2E6A00A8F118 /* Poppins-Italic.ttf */,
				FA6C922C264D2E6A00A8F118 /* Poppins-Light.ttf */,
				FA6C9233264D2E6A00A8F118 /* Poppins-LightItalic.ttf */,
				FA6C923B264D2E6A00A8F118 /* Poppins-Medium.ttf */,
				FA6C922B264D2E6A00A8F118 /* Poppins-MediumItalic.ttf */,
				FA6C9235264D2E6A00A8F118 /* Poppins-Regular.ttf */,
				FA6C9230264D2E6A00A8F118 /* Poppins-SemiBold.ttf */,
				FA6C9232264D2E6A00A8F118 /* Poppins-SemiBoldItalic.ttf */,
				FA6C9238264D2E6A00A8F118 /* Poppins-Thin.ttf */,
				FA6C922F264D2E6A00A8F118 /* Poppins-ThinItalic.ttf */,
			);
			path = Font;
			sourceTree = "<group>";
		};
		FA73275126561B2400F7C7FB /* Service */ = {
			isa = PBXGroup;
			children = (
				FA73275226561B3A00F7C7FB /* GetPenggunaanService.swift */,
				FA732755265648F900F7C7FB /* PostPenggunaanService.swift */,
				FA6BE53926569945005972E2 /* DeletePenggunaanService.swift */,
				FA6BE53C26569DD4005972E2 /* UpdatePenggunaanService.swift */,
			);
			path = Service;
			sourceTree = "<group>";
		};
		FA8E4A40264A1A650085C168 = {
			isa = PBXGroup;
			children = (
				FA6C9250264D2E7D00A8F118 /* Font */,
				FA8E4A4B264A1A650085C168 /* MyMonee */,
				FA8E4A4A264A1A650085C168 /* Products */,
				884A7ACFCAEE197E60BE2510 /* Pods */,
				2929DF1DEAF3CD2DA967BF79 /* Frameworks */,
			);
			sourceTree = "<group>";
		};
		FA8E4A4A264A1A650085C168 /* Products */ = {
			isa = PBXGroup;
			children = (
				FA8E4A49264A1A650085C168 /* MyMonee.app */,
			);
			name = Products;
			sourceTree = "<group>";
		};
		FA8E4A4B264A1A650085C168 /* MyMonee */ = {
			isa = PBXGroup;
			children = (
				FA8E4A73264A2E6F0085C168 /* MainTab */,
				FA8E4A6F264A29CA0085C168 /* Model */,
				FA8E4A69264A1E6E0085C168 /* Cells */,
				FA6A6319264DA5BF00753C0A /* Profile */,
				FA6A6312264DA1BC00753C0A /* Impian */,
				FA8E4A61264A1A850085C168 /* Main */,
				FA8E4A4C264A1A650085C168 /* AppDelegate.swift */,
				FA8E4A4E264A1A650085C168 /* SceneDelegate.swift */,
				FA8E4A50264A1A650085C168 /* ViewController.swift */,
				FA8E4A52264A1A650085C168 /* Main.storyboard */,
				FA8E4A55264A1A660085C168 /* Assets.xcassets */,
				FA8E4A57264A1A660085C168 /* LaunchScreen.storyboard */,
				FA8E4A5A264A1A660085C168 /* Info.plist */,
			);
			path = MyMonee;
			sourceTree = "<group>";
		};
		FA8E4A61264A1A850085C168 /* Main */ = {
			isa = PBXGroup;
			children = (
				FA73275126561B2400F7C7FB /* Service */,
				FA8E4A62264A1A9F0085C168 /* MainViewController.swift */,
				FA8E4A63264A1A9F0085C168 /* MainViewController.xib */,
				FA9DBAB4264E417A00DE9D6C /* FormPenggunaanViewController.swift */,
				FA9DBABF264E86AE00DE9D6C /* UpdatePenggunaanViewController.swift */,
				FA9DBAB5264E417A00DE9D6C /* FormPenggunaanViewController.xib */,
				FA9DBABE264E86AE00DE9D6C /* UpdatePenggunaanViewController.xib */,
				FA9DBAB9264E75D100DE9D6C /* RiwayatPenggunaanViewController.swift */,
				FA9DBABA264E75D100DE9D6C /* RiwayatPenggunaanViewController.xib */,
			);
			path = Main;
			sourceTree = "<group>";
		};
		FA8E4A69264A1E6E0085C168 /* Cells */ = {
			isa = PBXGroup;
			children = (
				FA8E4A6A264A1E940085C168 /* MainTableViewCell.swift */,
				FA8E4A6B264A1E940085C168 /* MainTableViewCell.xib */,
				FAB005A8264EEE120014303C /* ImpianCollectionViewCell.swift */,
				FAB005A9264EEE120014303C /* ImpianCollectionViewCell.xib */,
				FA6BE5412656AD6D005972E2 /* EmptyHandlingTableViewCell.swift */,
				FA6BE5422656AD6D005972E2 /* EmptyHandlingTableViewCell.xib */,
			);
			path = Cells;
			sourceTree = "<group>";
		};
		FA8E4A6F264A29CA0085C168 /* Model */ = {
			isa = PBXGroup;
			children = (
				FA8E4A70264A29DB0085C168 /* Pengeluaran.swift */,
				FA6C9252264D494800A8F118 /* Customer.swift */,
				FAB005AD264EEEDE0014303C /* Impian.swift */,
				FA87B7D7264FB77C0043F3DD /* ImagePickerManager.swift */,
			);
			path = Model;
			sourceTree = "<group>";
		};
		FA8E4A73264A2E6F0085C168 /* MainTab */ = {
			isa = PBXGroup;
			children = (
				FA8E4A74264A2EAF0085C168 /* MainTabController.swift */,
				FA8E4A75264A2EAF0085C168 /* MainTabController.xib */,
			);
			path = MainTab;
			sourceTree = "<group>";
		};
/* End PBXGroup section */

/* Begin PBXNativeTarget section */
		FA8E4A48264A1A650085C168 /* MyMonee */ = {
			isa = PBXNativeTarget;
			buildConfigurationList = FA8E4A5D264A1A660085C168 /* Build configuration list for PBXNativeTarget "MyMonee" */;
			buildPhases = (
				30B29CF75A94E962CFC49E22 /* [CP] Check Pods Manifest.lock */,
				FA8E4A45264A1A650085C168 /* Sources */,
				FA8E4A46264A1A650085C168 /* Frameworks */,
				FA8E4A47264A1A650085C168 /* Resources */,
				08C0AC27BF4D0D0942CEA52D /* [CP] Embed Pods Frameworks */,
			);
			buildRules = (
			);
			dependencies = (
			);
			name = MyMonee;
			productName = SampleApp;
			productReference = FA8E4A49264A1A650085C168 /* MyMonee.app */;
			productType = "com.apple.product-type.application";
		};
/* End PBXNativeTarget section */

/* Begin PBXProject section */
		FA8E4A41264A1A650085C168 /* Project object */ = {
			isa = PBXProject;
			attributes = {
				LastSwiftUpdateCheck = 1240;
				LastUpgradeCheck = 1240;
				TargetAttributes = {
					FA8E4A48264A1A650085C168 = {
						CreatedOnToolsVersion = 12.4;
					};
				};
			};
			buildConfigurationList = FA8E4A44264A1A650085C168 /* Build configuration list for PBXProject "MyMonee" */;
			compatibilityVersion = "Xcode 9.3";
			developmentRegion = en;
			hasScannedForEncodings = 0;
			knownRegions = (
				en,
				Base,
			);
			mainGroup = FA8E4A40264A1A650085C168;
			productRefGroup = FA8E4A4A264A1A650085C168 /* Products */;
			projectDirPath = "";
			projectRoot = "";
			targets = (
				FA8E4A48264A1A650085C168 /* MyMonee */,
			);
		};
/* End PBXProject section */

/* Begin PBXResourcesBuildPhase section */
		FA8E4A47264A1A650085C168 /* Resources */ = {
			isa = PBXResourcesBuildPhase;
			buildActionMask = 2147483647;
			files = (
				FA9DBAC4264E8DF500DE9D6C /* UpdatePenggunaanViewController.xib in Resources */,
				FA6C923D264D2E6A00A8F118 /* Poppins-MediumItalic.ttf in Resources */,
				FA6C923E264D2E6A00A8F118 /* Poppins-Light.ttf in Resources */,
				FA6C923F264D2E6A00A8F118 /* Poppins-BoldItalic.ttf in Resources */,
				FA6C9240264D2E6A00A8F118 /* Poppins-Black.ttf in Resources */,
				FA6C9241264D2E6A00A8F118 /* Poppins-ThinItalic.ttf in Resources */,
				FA6A6316264DA1E000753C0A /* ImpianViewController.xib in Resources */,
				FA6C9242264D2E6A00A8F118 /* Poppins-SemiBold.ttf in Resources */,
				FA6C9243264D2E6A00A8F118 /* Poppins-Bold.ttf in Resources */,
				FA6C9244264D2E6A00A8F118 /* Poppins-SemiBoldItalic.ttf in Resources */,
				FA6C9245264D2E6A00A8F118 /* Poppins-LightItalic.ttf in Resources */,
				FA6C9246264D2E6A00A8F118 /* Poppins-ExtraLight.ttf in Resources */,
				FA6C9247264D2E6A00A8F118 /* Poppins-Regular.ttf in Resources */,
				FA6C9248264D2E6A00A8F118 /* Poppins-BlackItalic.ttf in Resources */,
				FA6C9249264D2E6A00A8F118 /* Poppins-ExtraLightItalic.ttf in Resources */,
				FAB005B8264F080A0014303C /* UpdateImpianViewController.xib in Resources */,
				FA6C924A264D2E6A00A8F118 /* Poppins-Thin.ttf in Resources */,
				FAB005AB264EEE120014303C /* ImpianCollectionViewCell.xib in Resources */,
				FA6C924B264D2E6A00A8F118 /* Poppins-ExtraBold.ttf in Resources */,
				FA6A6322264DA61600753C0A /* ProfileViewController.xib in Resources */,
				FA9DBAB7264E417B00DE9D6C /* FormPenggunaanViewController.xib in Resources */,
				FAB005BE264F10860014303C /* FormImpianViewController.xib in Resources */,
				FA6C924C264D2E6A00A8F118 /* Poppins-Italic.ttf in Resources */,
				FA6C924D264D2E6A00A8F118 /* Poppins-Medium.ttf in Resources */,
				FAB005B3264EF7570014303C /* DetailImpianViewController.xib in Resources */,
				FA6C924E264D2E6A00A8F118 /* Poppins-ExtraBoldItalic.ttf in Resources */,
				FA6BE5442656AD6D005972E2 /* EmptyHandlingTableViewCell.xib in Resources */,
				FA8E4A77264A2EAF0085C168 /* MainTabController.xib in Resources */,
				FA8E4A59264A1A660085C168 /* LaunchScreen.storyboard in Resources */,
				FA8E4A56264A1A660085C168 /* Assets.xcassets in Resources */,
				FA9DBABC264E75D100DE9D6C /* RiwayatPenggunaanViewController.xib in Resources */,
				FA8E4A54264A1A650085C168 /* Main.storyboard in Resources */,
				FA8E4A65264A1A9F0085C168 /* MainViewController.xib in Resources */,
				FA8E4A6D264A1E940085C168 /* MainTableViewCell.xib in Resources */,
				FA87B7D5264FA3D10043F3DD /* UpdateProfileViewController.xib in Resources */,
			);
			runOnlyForDeploymentPostprocessing = 0;
		};
/* End PBXResourcesBuildPhase section */

/* Begin PBXShellScriptBuildPhase section */
		08C0AC27BF4D0D0942CEA52D /* [CP] Embed Pods Frameworks */ = {
			isa = PBXShellScriptBuildPhase;
			buildActionMask = 2147483647;
			files = (
			);
			inputFileListPaths = (
				"${PODS_ROOT}/Target Support Files/Pods-MyMonee/Pods-MyMonee-frameworks-${CONFIGURATION}-input-files.xcfilelist",
			);
			name = "[CP] Embed Pods Frameworks";
			outputFileListPaths = (
				"${PODS_ROOT}/Target Support Files/Pods-MyMonee/Pods-MyMonee-frameworks-${CONFIGURATION}-output-files.xcfilelist",
			);
			runOnlyForDeploymentPostprocessing = 0;
			shellPath = /bin/sh;
			shellScript = "\"${PODS_ROOT}/Target Support Files/Pods-MyMonee/Pods-MyMonee-frameworks.sh\"\n";
			showEnvVarsInLog = 0;
		};
		30B29CF75A94E962CFC49E22 /* [CP] Check Pods Manifest.lock */ = {
			isa = PBXShellScriptBuildPhase;
			buildActionMask = 2147483647;
			files = (
			);
			inputFileListPaths = (
			);
			inputPaths = (
				"${PODS_PODFILE_DIR_PATH}/Podfile.lock",
				"${PODS_ROOT}/Manifest.lock",
			);
			name = "[CP] Check Pods Manifest.lock";
			outputFileListPaths = (
			);
			outputPaths = (
				"$(DERIVED_FILE_DIR)/Pods-MyMonee-checkManifestLockResult.txt",
			);
			runOnlyForDeploymentPostprocessing = 0;
			shellPath = /bin/sh;
			shellScript = "diff \"${PODS_PODFILE_DIR_PATH}/Podfile.lock\" \"${PODS_ROOT}/Manifest.lock\" > /dev/null\nif [ $? != 0 ] ; then\n    # print error to STDERR\n    echo \"error: The sandbox is not in sync with the Podfile.lock. Run 'pod install' or update your CocoaPods installation.\" >&2\n    exit 1\nfi\n# This output is used by Xcode 'outputs' to avoid re-running this script phase.\necho \"SUCCESS\" > \"${SCRIPT_OUTPUT_FILE_0}\"\n";
			showEnvVarsInLog = 0;
		};
/* End PBXShellScriptBuildPhase section */

/* Begin PBXSourcesBuildPhase section */
		FA8E4A45264A1A650085C168 /* Sources */ = {
			isa = PBXSourcesBuildPhase;
			buildActionMask = 2147483647;
			files = (
				FA6BE53D26569DD4005972E2 /* UpdatePenggunaanService.swift in Sources */,
				FA87B7D4264FA3D10043F3DD /* UpdateProfileViewController.swift in Sources */,
				FAB005BD264F10860014303C /* FormImpianViewController.swift in Sources */,
				FA9DBABB264E75D100DE9D6C /* RiwayatPenggunaanViewController.swift in Sources */,
				FA8E4A51264A1A650085C168 /* ViewController.swift in Sources */,
				FA8E4A71264A29DB0085C168 /* Pengeluaran.swift in Sources */,
				FA6A6321264DA61600753C0A /* ProfileViewController.swift in Sources */,
				FA8E4A76264A2EAF0085C168 /* MainTabController.swift in Sources */,
				FAB005AE264EEEDE0014303C /* Impian.swift in Sources */,
				FAB005B2264EF7570014303C /* DetailImpianViewController.swift in Sources */,
				FA732756265648F900F7C7FB /* PostPenggunaanService.swift in Sources */,
				FA6C9253264D494800A8F118 /* Customer.swift in Sources */,
				FA9DBAB6264E417B00DE9D6C /* FormPenggunaanViewController.swift in Sources */,
				FA87B7D8264FB77C0043F3DD /* ImagePickerManager.swift in Sources */,
				FA9DBAC0264E86AE00DE9D6C /* UpdatePenggunaanViewController.swift in Sources */,
				FA73275326561B3A00F7C7FB /* GetPenggunaanService.swift in Sources */,
				FA6A6315264DA1E000753C0A /* ImpianViewController.swift in Sources */,
				FA8E4A4D264A1A650085C168 /* AppDelegate.swift in Sources */,
				FA6BE5432656AD6D005972E2 /* EmptyHandlingTableViewCell.swift in Sources */,
				FAB005AA264EEE120014303C /* ImpianCollectionViewCell.swift in Sources */,
				FA6BE53A26569945005972E2 /* DeletePenggunaanService.swift in Sources */,
				FA8E4A4F264A1A650085C168 /* SceneDelegate.swift in Sources */,
				FA8E4A64264A1A9F0085C168 /* MainViewController.swift in Sources */,
				FA8E4A6C264A1E940085C168 /* MainTableViewCell.swift in Sources */,
				FAB005B7264F080A0014303C /* UpdateImpianViewController.swift in Sources */,
			);
			runOnlyForDeploymentPostprocessing = 0;
		};
/* End PBXSourcesBuildPhase section */

/* Begin PBXVariantGroup section */
		FA8E4A52264A1A650085C168 /* Main.storyboard */ = {
			isa = PBXVariantGroup;
			children = (
				FA8E4A53264A1A650085C168 /* Base */,
			);
			name = Main.storyboard;
			sourceTree = "<group>";
		};
		FA8E4A57264A1A660085C168 /* LaunchScreen.storyboard */ = {
			isa = PBXVariantGroup;
			children = (
				FA8E4A58264A1A660085C168 /* Base */,
			);
			name = LaunchScreen.storyboard;
			sourceTree = "<group>";
		};
/* End PBXVariantGroup section */

/* Begin XCBuildConfiguration section */
		FA8E4A5B264A1A660085C168 /* Debug */ = {
			isa = XCBuildConfiguration;
			buildSettings = {
				ALWAYS_SEARCH_USER_PATHS = NO;
				CLANG_ANALYZER_NONNULL = YES;
				CLANG_ANALYZER_NUMBER_OBJECT_CONVERSION = YES_AGGRESSIVE;
				CLANG_CXX_LANGUAGE_STANDARD = "gnu++14";
				CLANG_CXX_LIBRARY = "libc++";
				CLANG_ENABLE_MODULES = YES;
				CLANG_ENABLE_OBJC_ARC = YES;
				CLANG_ENABLE_OBJC_WEAK = YES;
				CLANG_WARN_BLOCK_CAPTURE_AUTORELEASING = YES;
				CLANG_WARN_BOOL_CONVERSION = YES;
				CLANG_WARN_COMMA = YES;
				CLANG_WARN_CONSTANT_CONVERSION = YES;
				CLANG_WARN_DEPRECATED_OBJC_IMPLEMENTATIONS = YES;
				CLANG_WARN_DIRECT_OBJC_ISA_USAGE = YES_ERROR;
				CLANG_WARN_DOCUMENTATION_COMMENTS = YES;
				CLANG_WARN_EMPTY_BODY = YES;
				CLANG_WARN_ENUM_CONVERSION = YES;
				CLANG_WARN_INFINITE_RECURSION = YES;
				CLANG_WARN_INT_CONVERSION = YES;
				CLANG_WARN_NON_LITERAL_NULL_CONVERSION = YES;
				CLANG_WARN_OBJC_IMPLICIT_RETAIN_SELF = YES;
				CLANG_WARN_OBJC_LITERAL_CONVERSION = YES;
				CLANG_WARN_OBJC_ROOT_CLASS = YES_ERROR;
				CLANG_WARN_QUOTED_INCLUDE_IN_FRAMEWORK_HEADER = YES;
				CLANG_WARN_RANGE_LOOP_ANALYSIS = YES;
				CLANG_WARN_STRICT_PROTOTYPES = YES;
				CLANG_WARN_SUSPICIOUS_MOVE = YES;
				CLANG_WARN_UNGUARDED_AVAILABILITY = YES_AGGRESSIVE;
				CLANG_WARN_UNREACHABLE_CODE = YES;
				CLANG_WARN__DUPLICATE_METHOD_MATCH = YES;
				COPY_PHASE_STRIP = NO;
				DEBUG_INFORMATION_FORMAT = dwarf;
				ENABLE_STRICT_OBJC_MSGSEND = YES;
				ENABLE_TESTABILITY = YES;
				GCC_C_LANGUAGE_STANDARD = gnu11;
				GCC_DYNAMIC_NO_PIC = NO;
				GCC_NO_COMMON_BLOCKS = YES;
				GCC_OPTIMIZATION_LEVEL = 0;
				GCC_PREPROCESSOR_DEFINITIONS = (
					"DEBUG=1",
					"$(inherited)",
				);
				GCC_WARN_64_TO_32_BIT_CONVERSION = YES;
				GCC_WARN_ABOUT_RETURN_TYPE = YES_ERROR;
				GCC_WARN_UNDECLARED_SELECTOR = YES;
				GCC_WARN_UNINITIALIZED_AUTOS = YES_AGGRESSIVE;
				GCC_WARN_UNUSED_FUNCTION = YES;
				GCC_WARN_UNUSED_VARIABLE = YES;
				IPHONEOS_DEPLOYMENT_TARGET = 11.0;
				MTL_ENABLE_DEBUG_INFO = INCLUDE_SOURCE;
				MTL_FAST_MATH = YES;
				ONLY_ACTIVE_ARCH = YES;
				SDKROOT = iphoneos;
				SWIFT_ACTIVE_COMPILATION_CONDITIONS = DEBUG;
				SWIFT_OPTIMIZATION_LEVEL = "-Onone";
			};
			name = Debug;
		};
		FA8E4A5C264A1A660085C168 /* Release */ = {
			isa = XCBuildConfiguration;
			buildSettings = {
				ALWAYS_SEARCH_USER_PATHS = NO;
				CLANG_ANALYZER_NONNULL = YES;
				CLANG_ANALYZER_NUMBER_OBJECT_CONVERSION = YES_AGGRESSIVE;
				CLANG_CXX_LANGUAGE_STANDARD = "gnu++14";
				CLANG_CXX_LIBRARY = "libc++";
				CLANG_ENABLE_MODULES = YES;
				CLANG_ENABLE_OBJC_ARC = YES;
				CLANG_ENABLE_OBJC_WEAK = YES;
				CLANG_WARN_BLOCK_CAPTURE_AUTORELEASING = YES;
				CLANG_WARN_BOOL_CONVERSION = YES;
				CLANG_WARN_COMMA = YES;
				CLANG_WARN_CONSTANT_CONVERSION = YES;
				CLANG_WARN_DEPRECATED_OBJC_IMPLEMENTATIONS = YES;
				CLANG_WARN_DIRECT_OBJC_ISA_USAGE = YES_ERROR;
				CLANG_WARN_DOCUMENTATION_COMMENTS = YES;
				CLANG_WARN_EMPTY_BODY = YES;
				CLANG_WARN_ENUM_CONVERSION = YES;
				CLANG_WARN_INFINITE_RECURSION = YES;
				CLANG_WARN_INT_CONVERSION = YES;
				CLANG_WARN_NON_LITERAL_NULL_CONVERSION = YES;
				CLANG_WARN_OBJC_IMPLICIT_RETAIN_SELF = YES;
				CLANG_WARN_OBJC_LITERAL_CONVERSION = YES;
				CLANG_WARN_OBJC_ROOT_CLASS = YES_ERROR;
				CLANG_WARN_QUOTED_INCLUDE_IN_FRAMEWORK_HEADER = YES;
				CLANG_WARN_RANGE_LOOP_ANALYSIS = YES;
				CLANG_WARN_STRICT_PROTOTYPES = YES;
				CLANG_WARN_SUSPICIOUS_MOVE = YES;
				CLANG_WARN_UNGUARDED_AVAILABILITY = YES_AGGRESSIVE;
				CLANG_WARN_UNREACHABLE_CODE = YES;
				CLANG_WARN__DUPLICATE_METHOD_MATCH = YES;
				COPY_PHASE_STRIP = NO;
				DEBUG_INFORMATION_FORMAT = "dwarf-with-dsym";
				ENABLE_NS_ASSERTIONS = NO;
				ENABLE_STRICT_OBJC_MSGSEND = YES;
				GCC_C_LANGUAGE_STANDARD = gnu11;
				GCC_NO_COMMON_BLOCKS = YES;
				GCC_WARN_64_TO_32_BIT_CONVERSION = YES;
				GCC_WARN_ABOUT_RETURN_TYPE = YES_ERROR;
				GCC_WARN_UNDECLARED_SELECTOR = YES;
				GCC_WARN_UNINITIALIZED_AUTOS = YES_AGGRESSIVE;
				GCC_WARN_UNUSED_FUNCTION = YES;
				GCC_WARN_UNUSED_VARIABLE = YES;
				IPHONEOS_DEPLOYMENT_TARGET = 11.0;
				MTL_ENABLE_DEBUG_INFO = NO;
				MTL_FAST_MATH = YES;
				SDKROOT = iphoneos;
				SWIFT_COMPILATION_MODE = wholemodule;
				SWIFT_OPTIMIZATION_LEVEL = "-O";
				VALIDATE_PRODUCT = YES;
			};
			name = Release;
		};
		FA8E4A5E264A1A660085C168 /* Debug */ = {
			isa = XCBuildConfiguration;
			baseConfigurationReference = D9EF42F16FA50250FD17378B /* Pods-MyMonee.debug.xcconfig */;
			buildSettings = {
				ASSETCATALOG_COMPILER_APPICON_NAME = AppIcon;
				ASSETCATALOG_COMPILER_GLOBAL_ACCENT_COLOR_NAME = AccentColor;
				CODE_SIGN_STYLE = Automatic;
				INFOPLIST_FILE = "$(SRCROOT)/MyMonee/Info.plist";
				IPHONEOS_DEPLOYMENT_TARGET = 13.0;
				LD_RUNPATH_SEARCH_PATHS = (
					"$(inherited)",
					"@executable_path/Frameworks",
				);
				PRODUCT_BUNDLE_IDENTIFIER = com.myapp.MyMonee;
				PRODUCT_NAME = "$(TARGET_NAME)";
				SWIFT_VERSION = 5.0;
				TARGETED_DEVICE_FAMILY = "1,2";
			};
			name = Debug;
		};
		FA8E4A5F264A1A660085C168 /* Release */ = {
			isa = XCBuildConfiguration;
			baseConfigurationReference = 5448B1A1037461313BD6D436 /* Pods-MyMonee.release.xcconfig */;
			buildSettings = {
				ASSETCATALOG_COMPILER_APPICON_NAME = AppIcon;
				ASSETCATALOG_COMPILER_GLOBAL_ACCENT_COLOR_NAME = AccentColor;
				CODE_SIGN_STYLE = Automatic;
				INFOPLIST_FILE = "$(SRCROOT)/MyMonee/Info.plist";
				IPHONEOS_DEPLOYMENT_TARGET = 13.0;
				LD_RUNPATH_SEARCH_PATHS = (
					"$(inherited)",
					"@executable_path/Frameworks",
				);
				PRODUCT_BUNDLE_IDENTIFIER = com.myapp.MyMonee;
				PRODUCT_NAME = "$(TARGET_NAME)";
				SWIFT_VERSION = 5.0;
				TARGETED_DEVICE_FAMILY = "1,2";
			};
			name = Release;
		};
/* End XCBuildConfiguration section */

/* Begin XCConfigurationList section */
		FA8E4A44264A1A650085C168 /* Build configuration list for PBXProject "MyMonee" */ = {
			isa = XCConfigurationList;
			buildConfigurations = (
				FA8E4A5B264A1A660085C168 /* Debug */,
				FA8E4A5C264A1A660085C168 /* Release */,
			);
			defaultConfigurationIsVisible = 0;
			defaultConfigurationName = Release;
		};
		FA8E4A5D264A1A660085C168 /* Build configuration list for PBXNativeTarget "MyMonee" */ = {
			isa = XCConfigurationList;
			buildConfigurations = (
				FA8E4A5E264A1A660085C168 /* Debug */,
				FA8E4A5F264A1A660085C168 /* Release */,
			);
			defaultConfigurationIsVisible = 0;
			defaultConfigurationName = Release;
		};
/* End XCConfigurationList section */
	};
	rootObject = FA8E4A41264A1A650085C168 /* Project object */;
}
